
Microsoft Visual Studio Solution File, Format Version 12.00
# Visual Studio Version 17
VisualStudioVersion = 17.0.31903.59
MinimumVisualStudioVersion = 10.0.40219.1
Project("{2150E333-8FDC-42A3-9474-1A3956D46DE8}") = "Shared", "Shared", "{4F52FD11-658E-A102-6CD3-7D7C16FFA15B}"
EndProject
Project("{2150E333-8FDC-42A3-9474-1A3956D46DE8}") = "Host", "Host", "{2A9835E0-3C3C-C111-1B0C-7CD4AEA15F19}"
EndProject
Project("{FAE04EC0-301F-11D3-BF4B-00C04F79EFBC}") = "ThirdPerson.Server.Host", "Shared\Host\ThirdPerson.Server.Host.csproj", "{164264B6-B315-477C-A9EA-D962C92AC95C}"
EndProject
Project("{2150E333-8FDC-42A3-9474-1A3956D46DE8}") = "Gate", "Gate", "{A0A2730C-D725-6429-7040-BEEC3E2723D2}"
EndProject
Project("{2150E333-8FDC-42A3-9474-1A3956D46DE8}") = "Entity", "Entity", "{A1075101-6987-05C8-FC95-E59BCEE1D658}"
EndProject
Project("{FAE04EC0-301F-11D3-BF4B-00C04F79EFBC}") = "ThirdPerson.Server.Gate.Entity", "Gate\Entity\ThirdPerson.Server.Gate.Entity.csproj", "{D3442FE2-C4FD-4B02-BBDD-7A0D0DA6561D}"
EndProject
Project("{2150E333-8FDC-42A3-9474-1A3956D46DE8}") = "Hotfix", "Hotfix", "{AAD6853D-EF83-770E-9E0D-6A558D13BAB2}"
EndProject
Project("{FAE04EC0-301F-11D3-BF4B-00C04F79EFBC}") = "ThirdPerson.Server.Gate.Hotfix", "Gate\Hotfix\ThirdPerson.Server.Gate.Hotfix.csproj", "{343A9F4F-BA6D-4DCE-874A-97FFB7FD012A}"
EndProject
Project("{2150E333-8FDC-42A3-9474-1A3956D46DE8}") = "Products", "Products", "{91DB166F-8FA8-D710-9FF9-784B929F57E0}"
EndProject
Project("{2150E333-8FDC-42A3-9474-1A3956D46DE8}") = "UnityAuthority", "UnityAuthority", "{E25B6804-DC07-38A2-325F-C1A51AF3D878}"
EndProject
Project("{2150E333-8FDC-42A3-9474-1A3956D46DE8}") = "Entity", "Entity", "{1D982387-FED3-8023-BA74-98A204A96FC6}"
EndProject
Project("{FAE04EC0-301F-11D3-BF4B-00C04F79EFBC}") = "ThirdPerson.Server.UnityAuthority.Entity", "Products\UnityAuthority\Entity\ThirdPerson.Server.UnityAuthority.Entity.csproj", "{F81192A7-8452-414E-958F-03D059DFF9E1}"
EndProject
Project("{2150E333-8FDC-42A3-9474-1A3956D46DE8}") = "Hotfix", "Hotfix", "{1E0C316E-84CA-36F3-7DA1-FD299E567381}"
EndProject
Project("{FAE04EC0-301F-11D3-BF4B-00C04F79EFBC}") = "ThirdPerson.Server.UnityAuthority.Hotfix", "Products\UnityAuthority\Hotfix\ThirdPerson.Server.UnityAuthority.Hotfix.csproj", "{94BE1B49-FC44-488D-949B-E027E07A268B}"
EndProject
Project("{FAE04EC0-301F-11D3-BF4B-00C04F79EFBC}") = "ThirdPerson.UnityAuthority.Server", "Products\UnityAuthority\ThirdPerson.UnityAuthority.Server.csproj", "{25B49F38-D279-4CE5-93B2-5B6CC33B2429}"
EndProject
Project("{2150E333-8FDC-42A3-9474-1A3956D46DE8}") = "DotRecastAuthority", "DotRecastAuthority", "{AFBDF0F7-3C60-8D3F-DA1B-785E310DE530}"
EndProject
Project("{2150E333-8FDC-42A3-9474-1A3956D46DE8}") = "Entity", "Entity", "{718E2D3A-34FF-4BA0-5E3E-E2531B4B0B71}"
EndProject
Project("{FAE04EC0-301F-11D3-BF4B-00C04F79EFBC}") = "ThirdPerson.Server.DotRecastAuthority.Entity", "Products\DotRecastAuthority\Entity\ThirdPerson.Server.DotRecastAuthority.Entity.csproj", "{DD5812A4-0C7E-4A23-A000-3BF0467104EC}"
EndProject
Project("{FAE04EC0-301F-11D3-BF4B-00C04F79EFBC}") = "ThirdPersonSimulation.Core", "..\..\Tools\ThirdPersonSimulation.Portable\ThirdPersonSimulation.Core\ThirdPersonSimulation.Core.csproj", "{CADBB320-F893-42CE-BBF7-CCA1D1BB5D51}"
EndProject
Project("{FAE04EC0-301F-11D3-BF4B-00C04F79EFBC}") = "ThirdPersonSimulation.Float32", "..\..\Tools\ThirdPersonSimulation.Portable\ThirdPersonSimulation.Float32\ThirdPersonSimulation.Float32.csproj", "{6B99F8F2-4304-430E-B549-7EC8BE730BFC}"
EndProject
Project("{FAE04EC0-301F-11D3-BF4B-00C04F79EFBC}") = "ThirdPersonSimulation.ServerAuthoritative", "..\..\Tools\ThirdPersonSimulation.Portable\ThirdPersonSimulation.ServerAuthoritative\ThirdPersonSimulation.ServerAuthoritative.csproj", "{58273F75-4FD7-4A50-82C3-792E34DAF1BC}"
EndProject
Project("{FAE04EC0-301F-11D3-BF4B-00C04F79EFBC}") = "ThirdPersonSimulation.ServerAuthoritative.Transport", "..\..\Tools\ThirdPersonSimulation.Portable\ThirdPersonSimulation.ServerAuthoritative.Transport\ThirdPersonSimulation.ServerAuthoritative.Transport.csproj", "{94A67497-2FEB-4300-8065-D957D10AF052}"
EndProject
Project("{FAE04EC0-301F-11D3-BF4B-00C04F79EFBC}") = "ThirdPersonSimulation.DotRecast", "..\..\Tools\ThirdPersonSimulation.Portable\ThirdPersonSimulation.DotRecast\ThirdPersonSimulation.DotRecast.csproj", "{1D28E0E9-EC9E-441C-A85B-5EDAB013022C}"
EndProject
Project("{FAE04EC0-301F-11D3-BF4B-00C04F79EFBC}") = "ThirdPersonSimulation.DotRecastAuthority", "..\..\Tools\ThirdPersonSimulation.Portable\ThirdPersonSimulation.DotRecastAuthority\ThirdPersonSimulation.DotRecastAuthority.csproj", "{A9DF3095-032E-4FFA-9926-21B6EE845838}"
EndProject
Project("{2150E333-8FDC-42A3-9474-1A3956D46DE8}") = "Hotfix", "Hotfix", "{601FA677-C466-3DF6-2B87-2EA8F4CF29E9}"
EndProject
Project("{FAE04EC0-301F-11D3-BF4B-00C04F79EFBC}") = "ThirdPerson.Server.DotRecastAuthority.Hotfix", "Products\DotRecastAuthority\Hotfix\ThirdPerson.Server.DotRecastAuthority.Hotfix.csproj", "{2F32F0BF-D336-400F-8459-0ABE148AF5AB}"
EndProject
Project("{FAE04EC0-301F-11D3-BF4B-00C04F79EFBC}") = "ThirdPerson.DotRecastAuthority.Server", "Products\DotRecastAuthority\ThirdPerson.DotRecastAuthority.Server.csproj", "{E2AE3504-5AB2-4584-A838-1FCB02A97B16}"
EndProject
Project("{2150E333-8FDC-42A3-9474-1A3956D46DE8}") = "Startup", "Startup", "{0A5260FC-CE9B-CFCA-D867-DB283C3C020E}"
EndProject
Project("{2150E333-8FDC-42A3-9474-1A3956D46DE8}") = "Entity", "Entity", "{775AB792-8A1B-0270-7772-DBF3A3B04D65}"
EndProject
Project("{FAE04EC0-301F-11D3-BF4B-00C04F79EFBC}") = "ThirdPerson.Server.StartupAuth.Entity", "Startup\Entity\ThirdPerson.Server.StartupAuth.Entity.csproj", "{B3CA9937-7803-400E-AC7A-4F736156DD09}"
EndProject
Project("{2150E333-8FDC-42A3-9474-1A3956D46DE8}") = "Hotfix", "Hotfix", "{6DAD0321-B811-16CA-D1EB-487C7B1E4B8E}"
EndProject
Project("{FAE04EC0-301F-11D3-BF4B-00C04F79EFBC}") = "ThirdPerson.Server.StartupAuth.Hotfix", "Startup\Hotfix\ThirdPerson.Server.StartupAuth.Hotfix.csproj", "{F9DE6FFC-80B8-4824-8F23-AE1003811E8F}"
EndProject
Project("{2150E333-8FDC-42A3-9474-1A3956D46DE8}") = "Product", "Product", "{78118C76-E34A-5A44-0188-2E64014A4E81}"
EndProject
Project("{FAE04EC0-301F-11D3-BF4B-00C04F79EFBC}") = "ThirdPerson.Startup.Server", "Startup\Product\ThirdPerson.Startup.Server.csproj", "{17EC630D-DA98-4B67-89D2-372C438DF71F}"
EndProject
Global
	GlobalSection(SolutionConfigurationPlatforms) = preSolution
		Debug|Any CPU = Debug|Any CPU
		Debug|x64 = Debug|x64
		Debug|x86 = Debug|x86
		Release|Any CPU = Release|Any CPU
		Release|x64 = Release|x64
		Release|x86 = Release|x86
	EndGlobalSection
	GlobalSection(ProjectConfigurationPlatforms) = postSolution
		{164264B6-B315-477C-A9EA-D962C92AC95C}.Debug|Any CPU.ActiveCfg = Debug|Any CPU
		{164264B6-B315-477C-A9EA-D962C92AC95C}.Debug|Any CPU.Build.0 = Debug|Any CPU
		{164264B6-B315-477C-A9EA-D962C92AC95C}.Debug|x64.ActiveCfg = Debug|Any CPU
		{164264B6-B315-477C-A9EA-D962C92AC95C}.Debug|x64.Build.0 = Debug|Any CPU
		{164264B6-B315-477C-A9EA-D962C92AC95C}.Debug|x86.ActiveCfg = Debug|Any CPU
		{164264B6-B315-477C-A9EA-D962C92AC95C}.Debug|x86.Build.0 = Debug|Any CPU
		{164264B6-B315-477C-A9EA-D962C92AC95C}.Release|Any CPU.ActiveCfg = Release|Any CPU
		{164264B6-B315-477C-A9EA-D962C92AC95C}.Release|Any CPU.Build.0 = Release|Any CPU
		{164264B6-B315-477C-A9EA-D962C92AC95C}.Release|x64.ActiveCfg = Release|Any CPU
		{164264B6-B315-477C-A9EA-D962C92AC95C}.Release|x64.Build.0 = Release|Any CPU
		{164264B6-B315-477C-A9EA-D962C92AC95C}.Release|x86.ActiveCfg = Release|Any CPU
		{164264B6-B315-477C-A9EA-D962C92AC95C}.Release|x86.Build.0 = Release|Any CPU
		{D3442FE2-C4FD-4B02-BBDD-7A0D0DA6561D}.Debug|Any CPU.ActiveCfg = Debug|Any CPU
		{D3442FE2-C4FD-4B02-BBDD-7A0D0DA6561D}.Debug|Any CPU.Build.0 = Debug|Any CPU
		{D3442FE2-C4FD-4B02-BBDD-7A0D0DA6561D}.Debug|x64.ActiveCfg = Debug|Any CPU
		{D3442FE2-C4FD-4B02-BBDD-7A0D0DA6561D}.Debug|x64.Build.0 = Debug|Any CPU
		{D3442FE2-C4FD-4B02-BBDD-7A0D0DA6561D}.Debug|x86.ActiveCfg = Debug|Any CPU
		{D3442FE2-C4FD-4B02-BBDD-7A0D0DA6561D}.Debug|x86.Build.0 = Debug|Any CPU
		{D3442FE2-C4FD-4B02-BBDD-7A0D0DA6561D}.Release|Any CPU.ActiveCfg = Release|Any CPU
		{D3442FE2-C4FD-4B02-BBDD-7A0D0DA6561D}.Release|Any CPU.Build.0 = Release|Any CPU
		{D3442FE2-C4FD-4B02-BBDD-7A0D0DA6561D}.Release|x64.ActiveCfg = Release|Any CPU
		{D3442FE2-C4FD-4B02-BBDD-7A0D0DA6561D}.Release|x64.Build.0 = Release|Any CPU
		{D3442FE2-C4FD-4B02-BBDD-7A0D0DA6561D}.Release|x86.ActiveCfg = Release|Any CPU
		{D3442FE2-C4FD-4B02-BBDD-7A0D0DA6561D}.Release|x86.Build.0 = Release|Any CPU
		{343A9F4F-BA6D-4DCE-874A-97FFB7FD012A}.Debug|Any CPU.ActiveCfg = Debug|Any CPU
		{343A9F4F-BA6D-4DCE-874A-97FFB7FD012A}.Debug|Any CPU.Build.0 = Debug|Any CPU
		{343A9F4F-BA6D-4DCE-874A-97FFB7FD012A}.Debug|x64.ActiveCfg = Debug|Any CPU
		{343A9F4F-BA6D-4DCE-874A-97FFB7FD012A}.Debug|x64.Build.0 = Debug|Any CPU
		{343A9F4F-BA6D-4DCE-874A-97FFB7FD012A}.Debug|x86.ActiveCfg = Debug|Any CPU
		{343A9F4F-BA6D-4DCE-874A-97FFB7FD012A}.Debug|x86.Build.0 = Debug|Any CPU
		{343A9F4F-BA6D-4DCE-874A-97FFB7FD012A}.Release|Any CPU.ActiveCfg = Release|Any CPU
		{343A9F4F-BA6D-4DCE-874A-97FFB7FD012A}.Release|Any CPU.Build.0 = Release|Any CPU
		{343A9F4F-BA6D-4DCE-874A-97FFB7FD012A}.Release|x64.ActiveCfg = Release|Any CPU
		{343A9F4F-BA6D-4DCE-874A-97FFB7FD012A}.Release|x64.Build.0 = Release|Any CPU
		{343A9F4F-BA6D-4DCE-874A-97FFB7FD012A}.Release|x86.ActiveCfg = Release|Any CPU
		{343A9F4F-BA6D-4DCE-874A-97FFB7FD012A}.Release|x86.Build.0 = Release|Any CPU
		{F81192A7-8452-414E-958F-03D059DFF9E1}.Debug|Any CPU.ActiveCfg = Debug|Any CPU
		{F81192A7-8452-414E-958F-03D059DFF9E1}.Debug|Any CPU.Build.0 = Debug|Any CPU
		{F81192A7-8452-414E-958F-03D059DFF9E1}.Debug|x64.ActiveCfg = Debug|Any CPU
		{F81192A7-8452-414E-958F-03D059DFF9E1}.Debug|x64.Build.0 = Debug|Any CPU
		{F81192A7-8452-414E-958F-03D059DFF9E1}.Debug|x86.ActiveCfg = Debug|Any CPU
		{F81192A7-8452-414E-958F-03D059DFF9E1}.Debug|x86.Build.0 = Debug|Any CPU
		{F81192A7-8452-414E-958F-03D059DFF9E1}.Release|Any CPU.ActiveCfg = Release|Any CPU
		{F81192A7-8452-414E-958F-03D059DFF9E1}.Release|Any CPU.Build.0 = Release|Any CPU
		{F81192A7-8452-414E-958F-03D059DFF9E1}.Release|x64.ActiveCfg = Release|Any CPU
		{F81192A7-8452-414E-958F-03D059DFF9E1}.Release|x64.Build.0 = Release|Any CPU
		{F81192A7-8452-414E-958F-03D059DFF9E1}.Release|x86.ActiveCfg = Release|Any CPU
		{F81192A7-8452-414E-958F-03D059DFF9E1}.Release|x86.Build.0 = Release|Any CPU
		{94BE1B49-FC44-488D-949B-E027E07A268B}.Debug|Any CPU.ActiveCfg = Debug|Any CPU
		{94BE1B49-FC44-488D-949B-E027E07A268B}.Debug|Any CPU.Build.0 = Debug|Any CPU
		{94BE1B49-FC44-488D-949B-E027E07A268B}.Debug|x64.ActiveCfg = Debug|Any CPU
		{94BE1B49-FC44-488D-949B-E027E07A268B}.Debug|x64.Build.0 = Debug|Any CPU
		{94BE1B49-FC44-488D-949B-E027E07A268B}.Debug|x86.ActiveCfg = Debug|Any CPU
		{94BE1B49-FC44-488D-949B-E027E07A268B}.Debug|x86.Build.0 = Debug|Any CPU
		{94BE1B49-FC44-488D-949B-E027E07A268B}.Release|Any CPU.ActiveCfg = Release|Any CPU
		{94BE1B49-FC44-488D-949B-E027E07A268B}.Release|Any CPU.Build.0 = Release|Any CPU
		{94BE1B49-FC44-488D-949B-E027E07A268B}.Release|x64.ActiveCfg = Release|Any CPU
		{94BE1B49-FC44-488D-949B-E027E07A268B}.Release|x64.Build.0 = Release|Any CPU
		{94BE1B49-FC44-488D-949B-E027E07A268B}.Release|x86.ActiveCfg = Release|Any CPU
		{94BE1B49-FC44-488D-949B-E027E07A268B}.Release|x86.Build.0 = Release|Any CPU
		{25B49F38-D279-4CE5-93B2-5B6CC33B2429}.Debug|Any CPU.ActiveCfg = Debug|Any CPU
		{25B49F38-D279-4CE5-93B2-5B6CC33B2429}.Debug|Any CPU.Build.0 = Debug|Any CPU
		{25B49F38-D279-4CE5-93B2-5B6CC33B2429}.Debug|x64.ActiveCfg = Debug|Any CPU
		{25B49F38-D279-4CE5-93B2-5B6CC33B2429}.Debug|x64.Build.0 = Debug|Any CPU
		{25B49F38-D279-4CE5-93B2-5B6CC33B2429}.Debug|x86.ActiveCfg = Debug|Any CPU
		{25B49F38-D279-4CE5-93B2-5B6CC33B2429}.Debug|x86.Build.0 = Debug|Any CPU
		{25B49F38-D279-4CE5-93B2-5B6CC33B2429}.Release|Any CPU.ActiveCfg = Release|Any CPU
		{25B49F38-D279-4CE5-93B2-5B6CC33B2429}.Release|Any CPU.Build.0 = Release|Any CPU
		{25B49F38-D279-4CE5-93B2-5B6CC33B2429}.Release|x64.ActiveCfg = Release|Any CPU
		{25B49F38-D279-4CE5-93B2-5B6CC33B2429}.Release|x64.Build.0 = Release|Any CPU
		{25B49F38-D279-4CE5-93B2-5B6CC33B2429}.Release|x86.ActiveCfg = Release|Any CPU
		{25B49F38-D279-4CE5-93B2-5B6CC33B2429}.Release|x86.Build.0 = Release|Any CPU
		{DD5812A4-0C7E-4A23-A000-3BF0467104EC}.Debug|Any CPU.ActiveCfg = Debug|Any CPU
		{DD5812A4-0C7E-4A23-A000-3BF0467104EC}.Debug|Any CPU.Build.0 = Debug|Any CPU
		{DD5812A4-0C7E-4A23-A000-3BF0467104EC}.Debug|x64.ActiveCfg = Debug|Any CPU
		{DD5812A4-0C7E-4A23-A000-3BF0467104EC}.Debug|x64.Build.0 = Debug|Any CPU
		{DD5812A4-0C7E-4A23-A000-3BF0467104EC}.Debug|x86.ActiveCfg = Debug|Any CPU
		{DD5812A4-0C7E-4A23-A000-3BF0467104EC}.Debug|x86.Build.0 = Debug|Any CPU
		{DD5812A4-0C7E-4A23-A000-3BF0467104EC}.Release|Any CPU.ActiveCfg = Release|Any CPU
		{DD5812A4-0C7E-4A23-A000-3BF0467104EC}.Release|Any CPU.Build.0 = Release|Any CPU
		{DD5812A4-0C7E-4A23-A000-3BF0467104EC}.Release|x64.ActiveCfg = Release|Any CPU
		{DD5812A4-0C7E-4A23-A000-3BF0467104EC}.Release|x64.Build.0 = Release|Any CPU
		{DD5812A4-0C7E-4A23-A000-3BF0467104EC}.Release|x86.ActiveCfg = Release|Any CPU
		{DD5812A4-0C7E-4A23-A000-3BF0467104EC}.Release|x86.Build.0 = Release|Any CPU
		{CADBB320-F893-42CE-BBF7-CCA1D1BB5D51}.Debug|Any CPU.ActiveCfg = Debug|Any CPU
		{CADBB320-F893-42CE-BBF7-CCA1D1BB5D51}.Debug|Any CPU.Build.0 = Debug|Any CPU
		{CADBB320-F893-42CE-BBF7-CCA1D1BB5D51}.Debug|x64.ActiveCfg = Debug|Any CPU
		{CADBB320-F893-42CE-BBF7-CCA1D1BB5D51}.Debug|x64.Build.0 = Debug|Any CPU
		{CADBB320-F893-42CE-BBF7-CCA1D1BB5D51}.Debug|x86.ActiveCfg = Debug|Any CPU
		{CADBB320-F893-42CE-BBF7-CCA1D1BB5D51}.Debug|x86.Build.0 = Debug|Any CPU
		{CADBB320-F893-42CE-BBF7-CCA1D1BB5D51}.Release|Any CPU.ActiveCfg = Release|Any CPU
		{CADBB320-F893-42CE-BBF7-CCA1D1BB5D51}.Release|Any CPU.Build.0 = Release|Any CPU
		{CADBB320-F893-42CE-BBF7-CCA1D1BB5D51}.Release|x64.ActiveCfg = Release|Any CPU
		{CADBB320-F893-42CE-BBF7-CCA1D1BB5D51}.Release|x64.Build.0 = Release|Any CPU
		{CADBB320-F893-42CE-BBF7-CCA1D1BB5D51}.Release|x86.ActiveCfg = Release|Any CPU
		{CADBB320-F893-42CE-BBF7-CCA1D1BB5D51}.Release|x86.Build.0 = Release|Any CPU
		{6B99F8F2-4304-430E-B549-7EC8BE730BFC}.Debug|Any CPU.ActiveCfg = Debug|Any CPU
		{6B99F8F2-4304-430E-B549-7EC8BE730BFC}.Debug|Any CPU.Build.0 = Debug|Any CPU
		{6B99F8F2-4304-430E-B549-7EC8BE730BFC}.Debug|x64.ActiveCfg = Debug|Any CPU
		{6B99F8F2-4304-430E-B549-7EC8BE730BFC}.Debug|x64.Build.0 = Debug|Any CPU
		{6B99F8F2-4304-430E-B549-7EC8BE730BFC}.Debug|x86.ActiveCfg = Debug|Any CPU
		{6B99F8F2-4304-430E-B549-7EC8BE730BFC}.Debug|x86.Build.0 = Debug|Any CPU
		{6B99F8F2-4304-430E-B549-7EC8BE730BFC}.Release|Any CPU.ActiveCfg = Release|Any CPU
		{6B99F8F2-4304-430E-B549-7EC8BE730BFC}.Release|Any CPU.Build.0 = Release|Any CPU
		{6B99F8F2-4304-430E-B549-7EC8BE730BFC}.Release|x64.ActiveCfg = Release|Any CPU
		{6B99F8F2-4304-430E-B549-7EC8BE730BFC}.Release|x64.Build.0 = Release|Any CPU
		{6B99F8F2-4304-430E-B549-7EC8BE730BFC}.Release|x86.ActiveCfg = Release|Any CPU
		{6B99F8F2-4304-430E-B549-7EC8BE730BFC}.Release|x86.Build.0 = Release|Any CPU
		{58273F75-4FD7-4A50-82C3-792E34DAF1BC}.Debug|Any CPU.ActiveCfg = Debug|Any CPU
		{58273F75-4FD7-4A50-82C3-792E34DAF1BC}.Debug|Any CPU.Build.0 = Debug|Any CPU
		{58273F75-4FD7-4A50-82C3-792E34DAF1BC}.Debug|x64.ActiveCfg = Debug|Any CPU
		{58273F75-4FD7-4A50-82C3-792E34DAF1BC}.Debug|x64.Build.0 = Debug|Any CPU
		{58273F75-4FD7-4A50-82C3-792E34DAF1BC}.Debug|x86.ActiveCfg = Debug|Any CPU
		{58273F75-4FD7-4A50-82C3-792E34DAF1BC}.Debug|x86.Build.0 = Debug|Any CPU
		{58273F75-4FD7-4A50-82C3-792E34DAF1BC}.Release|Any CPU.ActiveCfg = Release|Any CPU
		{58273F75-4FD7-4A50-82C3-792E34DAF1BC}.Release|Any CPU.Build.0 = Release|Any CPU
		{58273F75-4FD7-4A50-82C3-792E34DAF1BC}.Release|x64.ActiveCfg = Release|Any CPU
		{58273F75-4FD7-4A50-82C3-792E34DAF1BC}.Release|x64.Build.0 = Release|Any CPU
		{58273F75-4FD7-4A50-82C3-792E34DAF1BC}.Release|x86.ActiveCfg = Release|Any CPU
		{58273F75-4FD7-4A50-82C3-792E34DAF1BC}.Release|x86.Build.0 = Release|Any CPU
		{94A67497-2FEB-4300-8065-D957D10AF052}.Debug|Any CPU.ActiveCfg = Debug|Any CPU
		{94A67497-2FEB-4300-8065-D957D10AF052}.Debug|Any CPU.Build.0 = Debug|Any CPU
		{94A67497-2FEB-4300-8065-D957D10AF052}.Debug|x64.ActiveCfg = Debug|Any CPU
		{94A67497-2FEB-4300-8065-D957D10AF052}.Debug|x64.Build.0 = Debug|Any CPU
		{94A67497-2FEB-4300-8065-D957D10AF052}.Debug|x86.ActiveCfg = Debug|Any CPU
		{94A67497-2FEB-4300-8065-D957D10AF052}.Debug|x86.Build.0 = Debug|Any CPU
		{94A67497-2FEB-4300-8065-D957D10AF052}.Release|Any CPU.ActiveCfg = Release|Any CPU
		{94A67497-2FEB-4300-8065-D957D10AF052}.Release|Any CPU.Build.0 = Release|Any CPU
		{94A67497-2FEB-4300-8065-D957D10AF052}.Release|x64.ActiveCfg = Release|Any CPU
		{94A67497-2FEB-4300-8065-D957D10AF052}.Release|x64.Build.0 = Release|Any CPU
		{94A67497-2FEB-4300-8065-D957D10AF052}.Release|x86.ActiveCfg = Release|Any CPU
		{94A67497-2FEB-4300-8065-D957D10AF052}.Release|x86.Build.0 = Release|Any CPU
		{1D28E0E9-EC9E-441C-A85B-5EDAB013022C}.Debug|Any CPU.ActiveCfg = Debug|Any CPU
		{1D28E0E9-EC9E-441C-A85B-5EDAB013022C}.Debug|Any CPU.Build.0 = Debug|Any CPU
		{1D28E0E9-EC9E-441C-A85B-5EDAB013022C}.Debug|x64.ActiveCfg = Debug|Any CPU
		{1D28E0E9-EC9E-441C-A85B-5EDAB013022C}.Debug|x64.Build.0 = Debug|Any CPU
		{1D28E0E9-EC9E-441C-A85B-5EDAB013022C}.Debug|x86.ActiveCfg = Debug|Any CPU
		{1D28E0E9-EC9E-441C-A85B-5EDAB013022C}.Debug|x86.Build.0 = Debug|Any CPU
		{1D28E0E9-EC9E-441C-A85B-5EDAB013022C}.Release|Any CPU.ActiveCfg = Release|Any CPU
		{1D28E0E9-EC9E-441C-A85B-5EDAB013022C}.Release|Any CPU.Build.0 = Release|Any CPU
		{1D28E0E9-EC9E-441C-A85B-5EDAB013022C}.Release|x64.ActiveCfg = Release|Any CPU
		{1D28E0E9-EC9E-441C-A85B-5EDAB013022C}.Release|x64.Build.0 = Release|Any CPU
		{1D28E0E9-EC9E-441C-A85B-5EDAB013022C}.Release|x86.ActiveCfg = Release|Any CPU
		{1D28E0E9-EC9E-441C-A85B-5EDAB013022C}.Release|x86.Build.0 = Release|Any CPU
		{A9DF3095-032E-4FFA-9926-21B6EE845838}.Debug|Any CPU.ActiveCfg = Debug|Any CPU
		{A9DF3095-032E-4FFA-9926-21B6EE845838}.Debug|Any CPU.Build.0 = Debug|Any CPU
		{A9DF3095-032E-4FFA-9926-21B6EE845838}.Debug|x64.ActiveCfg = Debug|Any CPU
		{A9DF3095-032E-4FFA-9926-21B6EE845838}.Debug|x64.Build.0 = Debug|Any CPU
		{A9DF3095-032E-4FFA-9926-21B6EE845838}.Debug|x86.ActiveCfg = Debug|Any CPU
		{A9DF3095-032E-4FFA-9926-21B6EE845838}.Debug|x86.Build.0 = Debug|Any CPU
		{A9DF3095-032E-4FFA-9926-21B6EE845838}.Release|Any CPU.ActiveCfg = Release|Any CPU
		{A9DF3095-032E-4FFA-9926-21B6EE845838}.Release|Any CPU.Build.0 = Release|Any CPU
		{A9DF3095-032E-4FFA-9926-21B6EE845838}.Release|x64.ActiveCfg = Release|Any CPU
		{A9DF3095-032E-4FFA-9926-21B6EE845838}.Release|x64.Build.0 = Release|Any CPU
		{A9DF3095-032E-4FFA-9926-21B6EE845838}.Release|x86.ActiveCfg = Release|Any CPU
		{A9DF3095-032E-4FFA-9926-21B6EE845838}.Release|x86.Build.0 = Release|Any CPU
		{2F32F0BF-D336-400F-8459-0ABE148AF5AB}.Debug|Any CPU.ActiveCfg = Debug|Any CPU
		{2F32F0BF-D336-400F-8459-0ABE148AF5AB}.Debug|Any CPU.Build.0 = Debug|Any CPU
		{2F32F0BF-D336-400F-8459-0ABE148AF5AB}.Debug|x64.ActiveCfg = Debug|Any CPU
		{2F32F0BF-D336-400F-8459-0ABE148AF5AB}.Debug|x64.Build.0 = Debug|Any CPU
		{2F32F0BF-D336-400F-8459-0ABE148AF5AB}.Debug|x86.ActiveCfg = Debug|Any CPU
		{2F32F0BF-D336-400F-8459-0ABE148AF5AB}.Debug|x86.Build.0 = Debug|Any CPU
		{2F32F0BF-D336-400F-8459-0ABE148AF5AB}.Release|Any CPU.ActiveCfg = Release|Any CPU
		{2F32F0BF-D336-400F-8459-0ABE148AF5AB}.Release|Any CPU.Build.0 = Release|Any CPU
		{2F32F0BF-D336-400F-8459-0ABE148AF5AB}.Release|x64.ActiveCfg = Release|Any CPU
		{2F32F0BF-D336-400F-8459-0ABE148AF5AB}.Release|x64.Build.0 = Release|Any CPU
		{2F32F0BF-D336-400F-8459-0ABE148AF5AB}.Release|x86.ActiveCfg = Release|Any CPU
		{2F32F0BF-D336-400F-8459-0ABE148AF5AB}.Release|x86.Build.0 = Release|Any CPU
		{E2AE3504-5AB2-4584-A838-1FCB02A97B16}.Debug|Any CPU.ActiveCfg = Debug|Any CPU
		{E2AE3504-5AB2-4584-A838-1FCB02A97B16}.Debug|Any CPU.Build.0 = Debug|Any CPU
		{E2AE3504-5AB2-4584-A838-1FCB02A97B16}.Debug|x64.ActiveCfg = Debug|Any CPU
		{E2AE3504-5AB2-4584-A838-1FCB02A97B16}.Debug|x64.Build.0 = Debug|Any CPU
		{E2AE3504-5AB2-4584-A838-1FCB02A97B16}.Debug|x86.ActiveCfg = Debug|Any CPU
		{E2AE3504-5AB2-4584-A838-1FCB02A97B16}.Debug|x86.Build.0 = Debug|Any CPU
		{E2AE3504-5AB2-4584-A838-1FCB02A97B16}.Release|Any CPU.ActiveCfg = Release|Any CPU
		{E2AE3504-5AB2-4584-A838-1FCB02A97B16}.Release|Any CPU.Build.0 = Release|Any CPU
		{E2AE3504-5AB2-4584-A838-1FCB02A97B16}.Release|x64.ActiveCfg = Release|Any CPU
		{E2AE3504-5AB2-4584-A838-1FCB02A97B16}.Release|x64.Build.0 = Release|Any CPU
		{E2AE3504-5AB2-4584-A838-1FCB02A97B16}.Release|x86.ActiveCfg = Release|Any CPU
		{E2AE3504-5AB2-4584-A838-1FCB02A97B16}.Release|x86.Build.0 = Release|Any CPU
		{B3CA9937-7803-400E-AC7A-4F736156DD09}.Debug|Any CPU.ActiveCfg = Debug|Any CPU
		{B3CA9937-7803-400E-AC7A-4F736156DD09}.Debug|Any CPU.Build.0 = Debug|Any CPU
		{B3CA9937-7803-400E-AC7A-4F736156DD09}.Debug|x64.ActiveCfg = Debug|Any CPU
		{B3CA9937-7803-400E-AC7A-4F736156DD09}.Debug|x64.Build.0 = Debug|Any CPU
		{B3CA9937-7803-400E-AC7A-4F736156DD09}.Debug|x86.ActiveCfg = Debug|Any CPU
		{B3CA9937-7803-400E-AC7A-4F736156DD09}.Debug|x86.Build.0 = Debug|Any CPU
		{B3CA9937-7803-400E-AC7A-4F736156DD09}.Release|Any CPU.ActiveCfg = Release|Any CPU
		{B3CA9937-7803-400E-AC7A-4F736156DD09}.Release|Any CPU.Build.0 = Release|Any CPU
		{B3CA9937-7803-400E-AC7A-4F736156DD09}.Release|x64.ActiveCfg = Release|Any CPU
		{B3CA9937-7803-400E-AC7A-4F736156DD09}.Release|x64.Build.0 = Release|Any CPU
		{B3CA9937-7803-400E-AC7A-4F736156DD09}.Release|x86.ActiveCfg = Release|Any CPU
		{B3CA9937-7803-400E-AC7A-4F736156DD09}.Release|x86.Build.0 = Release|Any CPU
		{F9DE6FFC-80B8-4824-8F23-AE1003811E8F}.Debug|Any CPU.ActiveCfg = Debug|Any CPU
		{F9DE6FFC-80B8-4824-8F23-AE1003811E8F}.Debug|Any CPU.Build.0 = Debug|Any CPU
		{F9DE6FFC-80B8-4824-8F23-AE1003811E8F}.Debug|x64.ActiveCfg = Debug|Any CPU
		{F9DE6FFC-80B8-4824-8F23-AE1003811E8F}.Debug|x64.Build.0 = Debug|Any CPU
		{F9DE6FFC-80B8-4824-8F23-AE1003811E8F}.Debug|x86.ActiveCfg = Debug|Any CPU
		{F9DE6FFC-80B8-4824-8F23-AE1003811E8F}.Debug|x86.Build.0 = Debug|Any CPU
		{F9DE6FFC-80B8-4824-8F23-AE1003811E8F}.Release|Any CPU.ActiveCfg = Release|Any CPU
		{F9DE6FFC-80B8-4824-8F23-AE1003811E8F}.Release|Any CPU.Build.0 = Release|Any CPU
		{F9DE6FFC-80B8-4824-8F23-AE1003811E8F}.Release|x64.ActiveCfg = Release|Any CPU
		{F9DE6FFC-80B8-4824-8F23-AE1003811E8F}.Release|x64.Build.0 = Release|Any CPU
		{F9DE6FFC-80B8-4824-8F23-AE1003811E8F}.Release|x86.ActiveCfg = Release|Any CPU
		{F9DE6FFC-80B8-4824-8F23-AE1003811E8F}.Release|x86.Build.0 = Release|Any CPU
		{17EC630D-DA98-4B67-89D2-372C438DF71F}.Debug|Any CPU.ActiveCfg = Debug|Any CPU
		{17EC630D-DA98-4B67-89D2-372C438DF71F}.Debug|Any CPU.Build.0 = Debug|Any CPU
		{17EC630D-DA98-4B67-89D2-372C438DF71F}.Debug|x64.ActiveCfg = Debug|Any CPU
		{17EC630D-DA98-4B67-89D2-372C438DF71F}.Debug|x64.Build.0 = Debug|Any CPU
		{17EC630D-DA98-4B67-89D2-372C438DF71F}.Debug|x86.ActiveCfg = Debug|Any CPU
		{17EC630D-DA98-4B67-89D2-372C438DF71F}.Debug|x86.Build.0 = Debug|Any CPU
		{17EC630D-DA98-4B67-89D2-372C438DF71F}.Release|Any CPU.ActiveCfg = Release|Any CPU
		{17EC630D-DA98-4B67-89D2-372C438DF71F}.Release|Any CPU.Build.0 = Release|Any CPU
		{17EC630D-DA98-4B67-89D2-372C438DF71F}.Release|x64.ActiveCfg = Release|Any CPU
		{17EC630D-DA98-4B67-89D2-372C438DF71F}.Release|x64.Build.0 = Release|Any CPU
		{17EC630D-DA98-4B67-89D2-372C438DF71F}.Release|x86.ActiveCfg = Release|Any CPU
		{17EC630D-DA98-4B67-89D2-372C438DF71F}.Release|x86.Build.0 = Release|Any CPU
	EndGlobalSection
	GlobalSection(SolutionProperties) = preSolution
		HideSolutionNode = FALSE
	EndGlobalSection
	GlobalSection(NestedProjects) = preSolution
		{2A9835E0-3C3C-C111-1B0C-7CD4AEA15F19} = {4F52FD11-658E-A102-6CD3-7D7C16FFA15B}
		{164264B6-B315-477C-A9EA-D962C92AC95C} = {2A9835E0-3C3C-C111-1B0C-7CD4AEA15F19}
		{A1075101-6987-05C8-FC95-E59BCEE1D658} = {A0A2730C-D725-6429-7040-BEEC3E2723D2}
		{D3442FE2-C4FD-4B02-BBDD-7A0D0DA6561D} = {A1075101-6987-05C8-FC95-E59BCEE1D658}
		{AAD6853D-EF83-770E-9E0D-6A558D13BAB2} = {A0A2730C-D725-6429-7040-BEEC3E2723D2}
		{343A9F4F-BA6D-4DCE-874A-97FFB7FD012A} = {AAD6853D-EF83-770E-9E0D-6A558D13BAB2}
		{E25B6804-DC07-38A2-325F-C1A51AF3D878} = {91DB166F-8FA8-D710-9FF9-784B929F57E0}
		{1D982387-FED3-8023-BA74-98A204A96FC6} = {E25B6804-DC07-38A2-325F-C1A51AF3D878}
		{F81192A7-8452-414E-958F-03D059DFF9E1} = {1D982387-FED3-8023-BA74-98A204A96FC6}
		{1E0C316E-84CA-36F3-7DA1-FD299E567381} = {E25B6804-DC07-38A2-325F-C1A51AF3D878}
		{94BE1B49-FC44-488D-949B-E027E07A268B} = {1E0C316E-84CA-36F3-7DA1-FD299E567381}
		{25B49F38-D279-4CE5-93B2-5B6CC33B2429} = {E25B6804-DC07-38A2-325F-C1A51AF3D878}
		{AFBDF0F7-3C60-8D3F-DA1B-785E310DE530} = {91DB166F-8FA8-D710-9FF9-784B929F57E0}
		{718E2D3A-34FF-4BA0-5E3E-E2531B4B0B71} = {AFBDF0F7-3C60-8D3F-DA1B-785E310DE530}
		{DD5812A4-0C7E-4A23-A000-3BF0467104EC} = {718E2D3A-34FF-4BA0-5E3E-E2531B4B0B71}
		{601FA677-C466-3DF6-2B87-2EA8F4CF29E9} = {AFBDF0F7-3C60-8D3F-DA1B-785E310DE530}
		{2F32F0BF-D336-400F-8459-0ABE148AF5AB} = {601FA677-C466-3DF6-2B87-2EA8F4CF29E9}
		{E2AE3504-5AB2-4584-A838-1FCB02A97B16} = {AFBDF0F7-3C60-8D3F-DA1B-785E310DE530}
		{775AB792-8A1B-0270-7772-DBF3A3B04D65} = {0A5260FC-CE9B-CFCA-D867-DB283C3C020E}
		{B3CA9937-7803-400E-AC7A-4F736156DD09} = {775AB792-8A1B-0270-7772-DBF3A3B04D65}
		{6DAD0321-B811-16CA-D1EB-487C7B1E4B8E} = {0A5260FC-CE9B-CFCA-D867-DB283C3C020E}
		{F9DE6FFC-80B8-4824-8F23-AE1003811E8F} = {6DAD0321-B811-16CA-D1EB-487C7B1E4B8E}
		{78118C76-E34A-5A44-0188-2E64014A4E81} = {0A5260FC-CE9B-CFCA-D867-DB283C3C020E}
		{17EC630D-DA98-4B67-89D2-372C438DF71F} = {78118C76-E34A-5A44-0188-2E64014A4E81}
	EndGlobalSection
EndGlobal
